// !$*UTF8*$!
{
	archiveVersion = 1;
	classes = {
	};
	objectVersion = 46;
	objects = {

/* Begin PBXBuildFile section */
		881A55861F3408EC00E67F79 /* main.m in Sources */ = {isa = PBXBuildFile; fileRef = 881A55851F3408EC00E67F79 /* main.m */; };
		881A55891F3408EC00E67F79 /* AppDelegate.m in Sources */ = {isa = PBXBuildFile; fileRef = 881A55881F3408EC00E67F79 /* AppDelegate.m */; };
		881A558C1F3408EC00E67F79 /* ViewController.m in Sources */ = {isa = PBXBuildFile; fileRef = 881A558B1F3408EC00E67F79 /* ViewController.m */; };
		881A558F1F3408EC00E67F79 /* Main.storyboard in Resources */ = {isa = PBXBuildFile; fileRef = 881A558D1F3408EC00E67F79 /* Main.storyboard */; };
		881A55911F3408EC00E67F79 /* Assets.xcassets in Resources */ = {isa = PBXBuildFile; fileRef = 881A55901F3408EC00E67F79 /* Assets.xcassets */; };
		881A55941F3408EC00E67F79 /* LaunchScreen.storyboard in Resources */ = {isa = PBXBuildFile; fileRef = 881A55921F3408EC00E67F79 /* LaunchScreen.storyboard */; };
		881A559D1F340EBC00E67F79 /* ListTableViewCell.m in Sources */ = {isa = PBXBuildFile; fileRef = 881A559C1F340EBC00E67F79 /* ListTableViewCell.m */; };
		884A09781F4B9CBE00D141C1 /* AddItemViewController.m in Sources */ = {isa = PBXBuildFile; fileRef = 884A09771F4B9CBE00D141C1 /* AddItemViewController.m */; };
/* End PBXBuildFile section */

/* Begin PBXFileReference section */
		881A55811F3408EC00E67F79 /* List.app */ = {isa = PBXFileReference; explicitFileType = wrapper.application; includeInIndex = 0; path = List.app; sourceTree = BUILT_PRODUCTS_DIR; };
		881A55851F3408EC00E67F79 /* main.m */ = {isa = PBXFileReference; lastKnownFileType = sourcecode.c.objc; path = main.m; sourceTree = "<group>"; };
		881A55871F3408EC00E67F79 /* AppDelegate.h */ = {isa = PBXFileReference; lastKnownFileType = sourcecode.c.h; path = AppDelegate.h; sourceTree = "<group>"; };
		881A55881F3408EC00E67F79 /* AppDelegate.m */ = {isa = PBXFileReference; lastKnownFileType = sourcecode.c.objc; path = AppDelegate.m; sourceTree = "<group>"; };
		881A558A1F3408EC00E67F79 /* ViewController.h */ = {isa = PBXFileReference; lastKnownFileType = sourcecode.c.h; path = ViewController.h; sourceTree = "<group>"; };
		881A558B1F3408EC00E67F79 /* ViewController.m */ = {isa = PBXFileReference; lastKnownFileType = sourcecode.c.objc; path = ViewController.m; sourceTree = "<group>"; };
		881A558E1F3408EC00E67F79 /* Base */ = {isa = PBXFileReference; lastKnownFileType = file.storyboard; name = Base; path = Base.lproj/Main.storyboard; sourceTree = "<group>"; };
		881A55901F3408EC00E67F79 /* Assets.xcassets */ = {isa = PBXFileReference; lastKnownFileType = folder.assetcatalog; path = Assets.xcassets; sourceTree = "<group>"; };
		881A55931F3408EC00E67F79 /* Base */ = {isa = PBXFileReference; lastKnownFileType = file.storyboard; name = Base; path = Base.lproj/LaunchScreen.storyboard; sourceTree = "<group>"; };
		881A55951F3408EC00E67F79 /* Info.plist */ = {isa = PBXFileReference; lastKnownFileType = text.plist.xml; path = Info.plist; sourceTree = "<group>"; };
		881A559B1F340EBC00E67F79 /* ListTableViewCell.h */ = {isa = PBXFileReference; fileEncoding = 4; lastKnownFileType = sourcecode.c.h; path = ListTableViewCell.h; sourceTree = "<group>"; };
		881A559C1F340EBC00E67F79 /* ListTableViewCell.m */ = {isa = PBXFileReference; fileEncoding = 4; lastKnownFileType = sourcecode.c.objc; path = ListTableViewCell.m; sourceTree = "<group>"; };
		884A09761F4B9CBE00D141C1 /* AddItemViewController.h */ = {isa = PBXFileReference; fileEncoding = 4; lastKnownFileType = sourcecode.c.h; path = AddItemViewController.h; sourceTree = "<group>"; };
		884A09771F4B9CBE00D141C1 /* AddItemViewController.m */ = {isa = PBXFileReference; fileEncoding = 4; lastKnownFileType = sourcecode.c.objc; path = AddItemViewController.m; sourceTree = "<group>"; };
/* End PBXFileReference section */

/* Begin PBXFrameworksBuildPhase section */
		881A557E1F3408EC00E67F79 /* Frameworks */ = {
			isa = PBXFrameworksBuildPhase;
			buildActionMask = 2147483647;
			files = (
			);
			runOnlyForDeploymentPostprocessing = 0;
		};
/* End PBXFrameworksBuildPhase section */

/* Begin PBXGroup section */
		881A55781F3408EC00E67F79 = {
			isa = PBXGroup;
			children = (
				881A55831F3408EC00E67F79 /* List */,
				881A55821F3408EC00E67F79 /* Products */,
			);
			sourceTree = "<group>";
		};
		881A55821F3408EC00E67F79 /* Products */ = {
			isa = PBXGroup;
			children = (
				881A55811F3408EC00E67F79 /* List.app */,
			);
			name = Products;
			sourceTree = "<group>";
		};
		881A55831F3408EC00E67F79 /* List */ = {
			isa = PBXGroup;
			children = (
				881A55871F3408EC00E67F79 /* AppDelegate.h */,
				881A55881F3408EC00E67F79 /* AppDelegate.m */,
				881A558A1F3408EC00E67F79 /* ViewController.h */,
				881A558B1F3408EC00E67F79 /* ViewController.m */,
				881A558D1F3408EC00E67F79 /* Main.storyboard */,
				881A55901F3408EC00E67F79 /* Assets.xcassets */,
				881A55921F3408EC00E67F79 /* LaunchScreen.storyboard */,
				881A55951F3408EC00E67F79 /* Info.plist */,
				881A55841F3408EC00E67F79 /* Supporting Files */,
				881A559B1F340EBC00E67F79 /* ListTableViewCell.h */,
				881A559C1F340EBC00E67F79 /* ListTableViewCell.m */,
				884A09761F4B9CBE00D141C1 /* AddItemViewController.h */,
				884A09771F4B9CBE00D141C1 /* AddItemViewController.m */,
			);
			path = List;
			sourceTree = "<group>";
		};
		881A55841F3408EC00E67F79 /* Supporting Files */ = {
			isa = PBXGroup;
			children = (
				881A55851F3408EC00E67F79 /* main.m */,
			);
			name = "Supporting Files";
			sourceTree = "<group>";
		};
/* End PBXGroup section */

/* Begin PBXNativeTarget section */
		881A55801F3408EC00E67F79 /* List */ = {
			isa = PBXNativeTarget;
			buildConfigurationList = 881A55981F3408EC00E67F79 /* Build configuration list for PBXNativeTarget "List" */;
			buildPhases = (
				881A557D1F3408EC00E67F79 /* Sources */,
				881A557E1F3408EC00E67F79 /* Frameworks */,
				881A557F1F3408EC00E67F79 /* Resources */,
			);
			buildRules = (
			);
			dependencies = (
			);
			name = List;
			productName = List;
			productReference = 881A55811F3408EC00E67F79 /* List.app */;
			productType = "com.apple.product-type.application";
		};
/* End PBXNativeTarget section */

/* Begin PBXProject section */
		881A55791F3408EC00E67F79 /* Project object */ = {
			isa = PBXProject;
			attributes = {
				LastUpgradeCheck = 0830;
				ORGANIZATIONNAME = "Jaison Bhatti";
				TargetAttributes = {
					881A55801F3408EC00E67F79 = {
						CreatedOnToolsVersion = 8.3.3;
						ProvisioningStyle = Automatic;
					};
				};
			};
			buildConfigurationList = 881A557C1F3408EC00E67F79 /* Build configuration list for PBXProject "List" */;
			compatibilityVersion = "Xcode 3.2";
			developmentRegion = English;
			hasScannedForEncodings = 0;
			knownRegions = (
				en,
				Base,
			);
			mainGroup = 881A55781F3408EC00E67F79;
			productRefGroup = 881A55821F3408EC00E67F79 /* Products */;
			projectDirPath = "";
			projectRoot = "";
			targets = (
				881A55801F3408EC00E67F79 /* List */,
			);
		};
/* End PBXProject section */

/* Begin PBXResourcesBuildPhase section */
		881A557F1F3408EC00E67F79 /* Resources */ = {
			isa = PBXResourcesBuildPhase;
			buildActionMask = 2147483647;
			files = (
				881A55941F3408EC00E67F79 /* LaunchScreen.storyboard in Resources */,
				881A55911F3408EC00E67F79 /* Assets.xcassets in Resources */,
				881A558F1F3408EC00E67F79 /* Main.storyboard in Resources */,
			);
			runOnlyForDeploymentPostprocessing = 0;
		};
/* End PBXResourcesBuildPhase section */

/* Begin PBXSourcesBuildPhase section */
		881A557D1F3408EC00E67F79 /* Sources */ = {
			isa = PBXSourcesBuildPhase;
			buildActionMask = 2147483647;
			files = (
				881A558C1F3408EC00E67F79 /* ViewController.m in Sources */,
				881A559D1F340EBC00E67F79 /* ListTableViewCell.m in Sources */,
				881A55891F3408EC00E67F79 /* AppDelegate.m in Sources */,
				884A09781F4B9CBE00D141C1 /* AddItemViewController.m in Sources */,
				881A55861F3408EC00E67F79 /* main.m in Sources */,
			);
			runOnlyForDeploymentPostprocessing = 0;
		};
/* End PBXSourcesBuildPhase section */

/* Begin PBXVariantGroup section */
		881A558D1F3408EC00E67F79 /* Main.storyboard */ = {
			isa = PBXVariantGroup;
			children = (
				881A558E1F3408EC00E67F79 /* Base */,
			);
			name = Main.storyboard;
			sourceTree = "<group>";
		};
		881A55921F3408EC00E67F79 /* LaunchScreen.storyboard */ = {
			isa = PBXVariantGroup;
			children = (
				881A55931F3408EC00E67F79 /* Base */,
			);
			name = LaunchScreen.storyboard;
			sourceTree = "<group>";
		};
/* End PBXVariantGroup section */

/* Begin XCBuildConfiguration section */
		881A55961F3408EC00E67F79 /* Debug */ = {
			isa = XCBuildConfiguration;
			buildSettings = {
				ALWAYS_SEARCH_USER_PATHS = NO;
				CLANG_ANALYZER_NONNULL = YES;
				CLANG_ANALYZER_NUMBER_OBJECT_CONVERSION = YES_AGGRESSIVE;
				CLANG_CXX_LANGUAGE_STANDARD = "gnu++0x";
				CLANG_CXX_LIBRARY = "libc++";
				CLANG_ENABLE_MODULES = YES;
				CLANG_ENABLE_OBJC_ARC = YES;
				CLANG_WARN_BOOL_CONVERSION = YES;
				CLANG_WARN_CONSTANT_CONVERSION = YES;
				CLANG_WARN_DIRECT_OBJC_ISA_USAGE = YES_ERROR;
				CLANG_WARN_DOCUMENTATION_COMMENTS = YES;
				CLANG_WARN_EMPTY_BODY = YES;
				CLANG_WARN_ENUM_CONVERSION = YES;
				CLANG_WARN_INFINITE_RECURSION = YES;
				CLANG_WARN_INT_CONVERSION = YES;
				CLANG_WARN_OBJC_ROOT_CLASS = YES_ERROR;
				CLANG_WARN_SUSPICIOUS_MOVE = YES;
				CLANG_WARN_UNREACHABLE_CODE = YES;
				CLANG_WARN__DUPLICATE_METHOD_MATCH = YES;
				"CODE_SIGN_IDENTITY[sdk=iphoneos*]" = "iPhone Developer";
				COPY_PHASE_STRIP = NO;
				DEBUG_INFORMATION_FORMAT = dwarf;
				ENABLE_STRICT_OBJC_MSGSEND = YES;
				ENABLE_TESTABILITY = YES;
				GCC_C_LANGUAGE_STANDARD = gnu99;
				GCC_DYNAMIC_NO_PIC = NO;
				GCC_NO_COMMON_BLOCKS = YES;
				GCC_OPTIMIZATION_LEVEL = 0;
				GCC_PREPROCESSOR_DEFINITIONS = (
					"DEBUG=1",
					"$(inherited)",
				);
				GCC_WARN_64_TO_32_BIT_CONVERSION = YES;
				GCC_WARN_ABOUT_RETURN_TYPE = YES_ERROR;
				GCC_WARN_UNDECLARED_SELECTOR = YES;
				GCC_WARN_UNINITIALIZED_AUTOS = YES_AGGRESSIVE;
				GCC_WARN_UNUSED_FUNCTION = YES;
				GCC_WARN_UNUSED_VARIABLE = YES;
				IPHONEOS_DEPLOYMENT_TARGET = 10.3;
				MTL_ENABLE_DEBUG_INFO = YES;
				ONLY_ACTIVE_ARCH = YES;
				SDKROOT = iphoneos;
			};
			name = Debug;
		};
		881A55971F3408EC00E67F79 /* Release */ = {
			isa = XCBuildConfiguration;
			buildSettings = {
				ALWAYS_SEARCH_USER_PATHS = NO;
				CLANG_ANALYZER_NONNULL = YES;
				CLANG_ANALYZER_NUMBER_OBJECT_CONVERSION = YES_AGGRESSIVE;
				CLANG_CXX_LANGUAGE_STANDARD = "gnu++0x";
				CLANG_CXX_LIBRARY = "libc++";
				CLANG_ENABLE_MODULES = YES;
				CLANG_ENABLE_OBJC_ARC = YES;
				CLANG_WARN_BOOL_CONVERSION = YES;
				CLANG_WARN_CONSTANT_CONVERSION = YES;
				CLANG_WARN_DIRECT_OBJC_ISA_USAGE = YES_ERROR;
				CLANG_WARN_DOCUMENTATION_COMMENTS = YES;
				CLANG_WARN_EMPTY_BODY = YES;
				CLANG_WARN_ENUM_CONVERSION = YES;
				CLANG_WARN_INFINITE_RECURSION = YES;
				CLANG_WARN_INT_CONVERSION = YES;
				CLANG_WARN_OBJC_ROOT_CLASS = YES_ERROR;
				CLANG_WARN_SUSPICIOUS_MOVE = YES;
				CLANG_WARN_UNREACHABLE_CODE = YES;
				CLANG_WARN__DUPLICATE_METHOD_MATCH = YES;
				"CODE_SIGN_IDENTITY[sdk=iphoneos*]" = "iPhone Developer";
				COPY_PHASE_STRIP = NO;
				DEBUG_INFORMATION_FORMAT = "dwarf-with-dsym";
				ENABLE_NS_ASSERTIONS = NO;
				ENABLE_STRICT_OBJC_MSGSEND = YES;
				GCC_C_LANGUAGE_STANDARD = gnu99;
				GCC_NO_COMMON_BLOCKS = YES;
				GCC_WARN_64_TO_32_BIT_CONVERSION = YES;
				GCC_WARN_ABOUT_RETURN_TYPE = YES_ERROR;
				GCC_WARN_UNDECLARED_SELECTOR = YES;
				GCC_WARN_UNINITIALIZED_AUTOS = YES_AGGRESSIVE;
				GCC_WARN_UNUSED_FUNCTION = YES;
				GCC_WARN_UNUSED_VARIABLE = YES;
				IPHONEOS_DEPLOYMENT_TARGET = 10.3;
				MTL_ENABLE_DEBUG_INFO = NO;
				SDKROOT = iphoneos;
				VALIDATE_PRODUCT = YES;
			};
			name = Release;
		};
		881A55991F3408EC00E67F79 /* Debug */ = {
			isa = XCBuildConfiguration;
			buildSettings = {
				ASSETCATALOG_COMPILER_APPICON_NAME = AppIcon;
				INFOPLIST_FILE = List/Info.plist;
				LD_RUNPATH_SEARCH_PATHS = "$(inherited) @executable_path/Frameworks";
				PRODUCT_BUNDLE_IDENTIFIER = com.jaisonbhatti.List;
				PRODUCT_NAME = "$(TARGET_NAME)";
			};
			name = Debug;
		};
		881A559A1F3408EC00E67F79 /* Release */ = {
			isa = XCBuildConfiguration;
			buildSettings = {
				ASSETCATALOG_COMPILER_APPICON_NAME = AppIcon;
				INFOPLIST_FILE = List/Info.plist;
				LD_RUNPATH_SEARCH_PATHS = "$(inherited) @executable_path/Frameworks";
				PRODUCT_BUNDLE_IDENTIFIER = com.jaisonbhatti.List;
				PRODUCT_NAME = "$(TARGET_NAME)";
			};
			name = Release;
		};
/* End XCBuildConfiguration section */

/* Begin XCConfigurationList section */
		881A557C1F3408EC00E67F79 /* Build configuration list for PBXProject "List" */ = {
			isa = XCConfigurationList;
			buildConfigurations = (
				881A55961F3408EC00E67F79 /* Debug */,
				881A55971F3408EC00E67F79 /* Release */,
			);
			defaultConfigurationIsVisible = 0;
			defaultConfigurationName = Release;
		};
		881A55981F3408EC00E67F79 /* Build configuration list for PBXNativeTarget "List" */ = {
			isa = XCConfigurationList;
			buildConfigurations = (
				881A55991F3408EC00E67F79 /* Debug */,
				881A559A1F3408EC00E67F79 /* Release */,
			);
			defaultConfigurationIsVisible = 0;
			defaultConfigurationName = Release;
		};
/* End XCConfigurationList section */
	};
	rootObject = 881A55791F3408EC00E67F79 /* Project object */;
}
